
Microsoft Visual Studio Solution File, Format Version 12.00
# Visual Studio 15
VisualStudioVersion = 15.0.27004.2002
MinimumVisualStudioVersion = 10.0.40219.1
Project("{FAE04EC0-301F-11D3-BF4B-00C04F79EFBC}") = "MvpWithStateMachine.Wpf", "MvpWithStateMachine.Wpf\MvpWithStateMachine.Wpf.csproj", "{4664A7A1-7381-42E5-95E5-12A5CD793231}"
EndProject
Project("{FAE04EC0-301F-11D3-BF4B-00C04F79EFBC}") = "MvpWithStateMachine.Forms", "MvpWithStateMachine.Forms\MvpWithStateMachine.Forms.csproj", "{EF542FAB-6958-43AB-B670-89928215023B}"
EndProject
Project("{FAE04EC0-301F-11D3-BF4B-00C04F79EFBC}") = "MvpWithStateMachine", "MvpWithStateMachine\MvpWithStateMachine.csproj", "{BEA02A2D-9895-4399-8329-03E782503391}"
EndProject
Global
	GlobalSection(SolutionConfigurationPlatforms) = preSolution
		Debug|Any CPU = Debug|Any CPU
		Release|Any CPU = Release|Any CPU
	EndGlobalSection
	GlobalSection(ProjectConfigurationPlatforms) = postSolution
		{4664A7A1-7381-42E5-95E5-12A5CD793231}.Debug|Any CPU.ActiveCfg = Debug|Any CPU
		{4664A7A1-7381-42E5-95E5-12A5CD793231}.Debug|Any CPU.Build.0 = Debug|Any CPU
		{4664A7A1-7381-42E5-95E5-12A5CD793231}.Release|Any CPU.ActiveCfg = Release|Any CPU
		{4664A7A1-7381-42E5-95E5-12A5CD793231}.Release|Any CPU.Build.0 = Release|Any CPU
		{EF542FAB-6958-43AB-B670-89928215023B}.Debug|Any CPU.ActiveCfg = Debug|Any CPU
		{EF542FAB-6958-43AB-B670-89928215023B}.Debug|Any CPU.Build.0 = Debug|Any CPU
		{EF542FAB-6958-43AB-B670-89928215023B}.Release|Any CPU.ActiveCfg = Release|Any CPU
		{EF542FAB-6958-43AB-B670-89928215023B}.Release|Any CPU.Build.0 = Release|Any CPU
		{BEA02A2D-9895-4399-8329-03E782503391}.Debug|Any CPU.ActiveCfg = Debug|Any CPU
		{BEA02A2D-9895-4399-8329-03E782503391}.Debug|Any CPU.Build.0 = Debug|Any CPU
		{BEA02A2D-9895-4399-8329-03E782503391}.Release|Any CPU.ActiveCfg = Release|Any CPU
		{BEA02A2D-9895-4399-8329-03E782503391}.Release|Any CPU.Build.0 = Release|Any CPU
	EndGlobalSection
	GlobalSection(SolutionProperties) = preSolution
		HideSolutionNode = FALSE
	EndGlobalSection
	GlobalSection(ExtensibilityGlobals) = postSolution
		SolutionGuid = {2AEBAC46-6AF7-47C0-BE7F-A3C0D95A1B14}
	EndGlobalSection
EndGlobal
