
Microsoft Visual Studio Solution File, Format Version 12.00
# Visual Studio 15
VisualStudioVersion = 15.0.27004.2002
MinimumVisualStudioVersion = 10.0.40219.1
Project("{FAE04EC0-301F-11D3-BF4B-00C04F79EFBC}") = "NavigateSharp.Example.Forms", "NavigateSharp.Example.Forms\NavigateSharp.Example.Forms.csproj", "{EF542FAB-6958-43AB-B670-89928215023B}"
EndProject
Project("{FAE04EC0-301F-11D3-BF4B-00C04F79EFBC}") = "NavigateSharp.Example.Wpf", "NavigateSharp.Example.Wpf\NavigateSharp.Example.Wpf.csproj", "{4664A7A1-7381-42E5-95E5-12A5CD793231}"
EndProject
Project("{FAE04EC0-301F-11D3-BF4B-00C04F79EFBC}") = "NavigateSharp", "NavigateSharp\NavigateSharp.csproj", "{BEA02A2D-9895-4399-8329-03E782503391}"
EndProject
Project("{FAE04EC0-301F-11D3-BF4B-00C04F79EFBC}") = "NavigateSharp.Wpf", "NavigateSharp.Wpf\NavigateSharp.Wpf.csproj", "{DED9AC5A-0EE3-435E-8F80-4AEE906EA96B}"
EndProject
Project("{FAE04EC0-301F-11D3-BF4B-00C04F79EFBC}") = "NavigateSharp.Forms", "NavigateSharp.Forms\NavigateSharp.Forms.csproj", "{03E90D10-FE70-4F74-A182-B80E041FE78E}"
EndProject
Project("{2150E333-8FDC-42A3-9474-1A3956D46DE8}") = "Examples", "Examples", "{74261D31-3529-497E-A1C0-28D6CA1D4AF0}"
EndProject
Project("{2150E333-8FDC-42A3-9474-1A3956D46DE8}") = "Solution Items", "Solution Items", "{9A073549-6F18-48CC-AEA6-5C252C5F6177}"
	ProjectSection(SolutionItems) = preProject
		appveyor.yml = appveyor.yml
	EndProjectSection
EndProject
Global
	GlobalSection(SolutionConfigurationPlatforms) = preSolution
		Debug|Any CPU = Debug|Any CPU
		Release|Any CPU = Release|Any CPU
	EndGlobalSection
	GlobalSection(ProjectConfigurationPlatforms) = postSolution
		{EF542FAB-6958-43AB-B670-89928215023B}.Debug|Any CPU.ActiveCfg = Debug|Any CPU
		{EF542FAB-6958-43AB-B670-89928215023B}.Debug|Any CPU.Build.0 = Debug|Any CPU
		{EF542FAB-6958-43AB-B670-89928215023B}.Release|Any CPU.ActiveCfg = Release|Any CPU
		{EF542FAB-6958-43AB-B670-89928215023B}.Release|Any CPU.Build.0 = Release|Any CPU
		{4664A7A1-7381-42E5-95E5-12A5CD793231}.Debug|Any CPU.ActiveCfg = Debug|Any CPU
		{4664A7A1-7381-42E5-95E5-12A5CD793231}.Debug|Any CPU.Build.0 = Debug|Any CPU
		{4664A7A1-7381-42E5-95E5-12A5CD793231}.Release|Any CPU.ActiveCfg = Release|Any CPU
		{4664A7A1-7381-42E5-95E5-12A5CD793231}.Release|Any CPU.Build.0 = Release|Any CPU
		{BEA02A2D-9895-4399-8329-03E782503391}.Debug|Any CPU.ActiveCfg = Debug|Any CPU
		{BEA02A2D-9895-4399-8329-03E782503391}.Debug|Any CPU.Build.0 = Debug|Any CPU
		{BEA02A2D-9895-4399-8329-03E782503391}.Release|Any CPU.ActiveCfg = Release|Any CPU
		{BEA02A2D-9895-4399-8329-03E782503391}.Release|Any CPU.Build.0 = Release|Any CPU
		{DED9AC5A-0EE3-435E-8F80-4AEE906EA96B}.Debug|Any CPU.ActiveCfg = Debug|Any CPU
		{DED9AC5A-0EE3-435E-8F80-4AEE906EA96B}.Debug|Any CPU.Build.0 = Debug|Any CPU
		{DED9AC5A-0EE3-435E-8F80-4AEE906EA96B}.Release|Any CPU.ActiveCfg = Release|Any CPU
		{DED9AC5A-0EE3-435E-8F80-4AEE906EA96B}.Release|Any CPU.Build.0 = Release|Any CPU
		{03E90D10-FE70-4F74-A182-B80E041FE78E}.Debug|Any CPU.ActiveCfg = Debug|Any CPU
		{03E90D10-FE70-4F74-A182-B80E041FE78E}.Debug|Any CPU.Build.0 = Debug|Any CPU
		{03E90D10-FE70-4F74-A182-B80E041FE78E}.Release|Any CPU.ActiveCfg = Release|Any CPU
		{03E90D10-FE70-4F74-A182-B80E041FE78E}.Release|Any CPU.Build.0 = Release|Any CPU
	EndGlobalSection
	GlobalSection(SolutionProperties) = preSolution
		HideSolutionNode = FALSE
	EndGlobalSection
	GlobalSection(NestedProjects) = preSolution
		{EF542FAB-6958-43AB-B670-89928215023B} = {74261D31-3529-497E-A1C0-28D6CA1D4AF0}
		{4664A7A1-7381-42E5-95E5-12A5CD793231} = {74261D31-3529-497E-A1C0-28D6CA1D4AF0}
	EndGlobalSection
	GlobalSection(ExtensibilityGlobals) = postSolution
		SolutionGuid = {2AEBAC46-6AF7-47C0-BE7F-A3C0D95A1B14}
	EndGlobalSection
EndGlobal
